// !$*UTF8*$!
{
	archiveVersion = 1;
	classes = {
	};
	objectVersion = 46;
	objects = {

/* Begin PBXBuildFile section */
		7A5EE0521F241DA900504CEE /* AppDelegate.swift in Sources */ = {isa = PBXBuildFile; fileRef = 7A5EE0511F241DA900504CEE /* AppDelegate.swift */; };
		7A5EE0541F241DA900504CEE /* ViewController.swift in Sources */ = {isa = PBXBuildFile; fileRef = 7A5EE0531F241DA900504CEE /* ViewController.swift */; };
		7A5EE0571F241DA900504CEE /* Main.storyboard in Resources */ = {isa = PBXBuildFile; fileRef = 7A5EE0551F241DA900504CEE /* Main.storyboard */; };
		7A5EE0591F241DA900504CEE /* Assets.xcassets in Resources */ = {isa = PBXBuildFile; fileRef = 7A5EE0581F241DA900504CEE /* Assets.xcassets */; };
		7A5EE05C1F241DA900504CEE /* LaunchScreen.storyboard in Resources */ = {isa = PBXBuildFile; fileRef = 7A5EE05A1F241DA900504CEE /* LaunchScreen.storyboard */; };
		7A5EE0611F241DA900504CEE /* Rock Paper Scissors WatchKit App.app in Embed Watch Content */ = {isa = PBXBuildFile; fileRef = 7A5EE0601F241DA900504CEE /* Rock Paper Scissors WatchKit App.app */; };
		7A5EE0671F241DA900504CEE /* Interface.storyboard in Resources */ = {isa = PBXBuildFile; fileRef = 7A5EE0651F241DA900504CEE /* Interface.storyboard */; };
		7A5EE0691F241DA900504CEE /* Assets.xcassets in Resources */ = {isa = PBXBuildFile; fileRef = 7A5EE0681F241DA900504CEE /* Assets.xcassets */; };
		7A5EE0701F241DA900504CEE /* Rock Paper Scissors WatchKit Extension.appex in Embed App Extensions */ = {isa = PBXBuildFile; fileRef = 7A5EE06F1F241DA900504CEE /* Rock Paper Scissors WatchKit Extension.appex */; settings = {ATTRIBUTES = (RemoveHeadersOnCopy, ); }; };
		7A5EE0751F241DA900504CEE /* InterfaceController.swift in Sources */ = {isa = PBXBuildFile; fileRef = 7A5EE0741F241DA900504CEE /* InterfaceController.swift */; };
		7A5EE0771F241DA900504CEE /* ExtensionDelegate.swift in Sources */ = {isa = PBXBuildFile; fileRef = 7A5EE0761F241DA900504CEE /* ExtensionDelegate.swift */; };
		7A5EE0791F241DA900504CEE /* Assets.xcassets in Resources */ = {isa = PBXBuildFile; fileRef = 7A5EE0781F241DA900504CEE /* Assets.xcassets */; };
/* End PBXBuildFile section */

/* Begin PBXContainerItemProxy section */
		7A5EE0621F241DA900504CEE /* PBXContainerItemProxy */ = {
			isa = PBXContainerItemProxy;
			containerPortal = 7A5EE0461F241DA900504CEE /* Project object */;
			proxyType = 1;
			remoteGlobalIDString = 7A5EE05F1F241DA900504CEE;
			remoteInfo = "Rock Paper Scissors WatchKit App";
		};
		7A5EE0711F241DA900504CEE /* PBXContainerItemProxy */ = {
			isa = PBXContainerItemProxy;
			containerPortal = 7A5EE0461F241DA900504CEE /* Project object */;
			proxyType = 1;
			remoteGlobalIDString = 7A5EE06E1F241DA900504CEE;
			remoteInfo = "Rock Paper Scissors WatchKit Extension";
		};
/* End PBXContainerItemProxy section */

/* Begin PBXCopyFilesBuildPhase section */
		7A5EE0801F241DA900504CEE /* Embed App Extensions */ = {
			isa = PBXCopyFilesBuildPhase;
			buildActionMask = 2147483647;
			dstPath = "";
			dstSubfolderSpec = 13;
			files = (
				7A5EE0701F241DA900504CEE /* Rock Paper Scissors WatchKit Extension.appex in Embed App Extensions */,
			);
			name = "Embed App Extensions";
			runOnlyForDeploymentPostprocessing = 0;
		};
		7A5EE0841F241DA900504CEE /* Embed Watch Content */ = {
			isa = PBXCopyFilesBuildPhase;
			buildActionMask = 2147483647;
			dstPath = "$(CONTENTS_FOLDER_PATH)/Watch";
			dstSubfolderSpec = 16;
			files = (
				7A5EE0611F241DA900504CEE /* Rock Paper Scissors WatchKit App.app in Embed Watch Content */,
			);
			name = "Embed Watch Content";
			runOnlyForDeploymentPostprocessing = 0;
		};
/* End PBXCopyFilesBuildPhase section */

/* Begin PBXFileReference section */
		7A5EE04E1F241DA900504CEE /* Rock Paper Scissors.app */ = {isa = PBXFileReference; explicitFileType = wrapper.application; includeInIndex = 0; path = "Rock Paper Scissors.app"; sourceTree = BUILT_PRODUCTS_DIR; };
		7A5EE0511F241DA900504CEE /* AppDelegate.swift */ = {isa = PBXFileReference; lastKnownFileType = sourcecode.swift; path = AppDelegate.swift; sourceTree = "<group>"; };
		7A5EE0531F241DA900504CEE /* ViewController.swift */ = {isa = PBXFileReference; lastKnownFileType = sourcecode.swift; path = ViewController.swift; sourceTree = "<group>"; };
		7A5EE0561F241DA900504CEE /* Base */ = {isa = PBXFileReference; lastKnownFileType = file.storyboard; name = Base; path = Base.lproj/Main.storyboard; sourceTree = "<group>"; };
		7A5EE0581F241DA900504CEE /* Assets.xcassets */ = {isa = PBXFileReference; lastKnownFileType = folder.assetcatalog; path = Assets.xcassets; sourceTree = "<group>"; };
		7A5EE05B1F241DA900504CEE /* Base */ = {isa = PBXFileReference; lastKnownFileType = file.storyboard; name = Base; path = Base.lproj/LaunchScreen.storyboard; sourceTree = "<group>"; };
		7A5EE05D1F241DA900504CEE /* Info.plist */ = {isa = PBXFileReference; lastKnownFileType = text.plist.xml; path = Info.plist; sourceTree = "<group>"; };
		7A5EE0601F241DA900504CEE /* Rock Paper Scissors WatchKit App.app */ = {isa = PBXFileReference; explicitFileType = wrapper.application; includeInIndex = 0; path = "Rock Paper Scissors WatchKit App.app"; sourceTree = BUILT_PRODUCTS_DIR; };
		7A5EE0661F241DA900504CEE /* Base */ = {isa = PBXFileReference; lastKnownFileType = file.storyboard; name = Base; path = Base.lproj/Interface.storyboard; sourceTree = "<group>"; };
		7A5EE0681F241DA900504CEE /* Assets.xcassets */ = {isa = PBXFileReference; lastKnownFileType = folder.assetcatalog; path = Assets.xcassets; sourceTree = "<group>"; };
		7A5EE06A1F241DA900504CEE /* Info.plist */ = {isa = PBXFileReference; lastKnownFileType = text.plist.xml; path = Info.plist; sourceTree = "<group>"; };
		7A5EE06F1F241DA900504CEE /* Rock Paper Scissors WatchKit Extension.appex */ = {isa = PBXFileReference; explicitFileType = "wrapper.app-extension"; includeInIndex = 0; path = "Rock Paper Scissors WatchKit Extension.appex"; sourceTree = BUILT_PRODUCTS_DIR; };
		7A5EE0741F241DA900504CEE /* InterfaceController.swift */ = {isa = PBXFileReference; lastKnownFileType = sourcecode.swift; path = InterfaceController.swift; sourceTree = "<group>"; };
		7A5EE0761F241DA900504CEE /* ExtensionDelegate.swift */ = {isa = PBXFileReference; lastKnownFileType = sourcecode.swift; path = ExtensionDelegate.swift; sourceTree = "<group>"; };
		7A5EE0781F241DA900504CEE /* Assets.xcassets */ = {isa = PBXFileReference; lastKnownFileType = folder.assetcatalog; path = Assets.xcassets; sourceTree = "<group>"; };
		7A5EE07A1F241DA900504CEE /* Info.plist */ = {isa = PBXFileReference; lastKnownFileType = text.plist.xml; path = Info.plist; sourceTree = "<group>"; };
/* End PBXFileReference section */

/* Begin PBXFrameworksBuildPhase section */
		7A5EE04B1F241DA900504CEE /* Frameworks */ = {
			isa = PBXFrameworksBuildPhase;
			buildActionMask = 2147483647;
			files = (
			);
			runOnlyForDeploymentPostprocessing = 0;
		};
		7A5EE06C1F241DA900504CEE /* Frameworks */ = {
			isa = PBXFrameworksBuildPhase;
			buildActionMask = 2147483647;
			files = (
			);
			runOnlyForDeploymentPostprocessing = 0;
		};
/* End PBXFrameworksBuildPhase section */

/* Begin PBXGroup section */
		7A5EE0451F241DA900504CEE = {
			isa = PBXGroup;
			children = (
				7A5EE0501F241DA900504CEE /* Rock Paper Scissors */,
				7A5EE0641F241DA900504CEE /* Rock Paper Scissors WatchKit App */,
				7A5EE0731F241DA900504CEE /* Rock Paper Scissors WatchKit Extension */,
				7A5EE04F1F241DA900504CEE /* Products */,
			);
			sourceTree = "<group>";
		};
		7A5EE04F1F241DA900504CEE /* Products */ = {
			isa = PBXGroup;
			children = (
				7A5EE04E1F241DA900504CEE /* Rock Paper Scissors.app */,
				7A5EE0601F241DA900504CEE /* Rock Paper Scissors WatchKit App.app */,
				7A5EE06F1F241DA900504CEE /* Rock Paper Scissors WatchKit Extension.appex */,
			);
			name = Products;
			sourceTree = "<group>";
		};
		7A5EE0501F241DA900504CEE /* Rock Paper Scissors */ = {
			isa = PBXGroup;
			children = (
				7A5EE0511F241DA900504CEE /* AppDelegate.swift */,
				7A5EE0531F241DA900504CEE /* ViewController.swift */,
				7A5EE0551F241DA900504CEE /* Main.storyboard */,
				7A5EE0581F241DA900504CEE /* Assets.xcassets */,
				7A5EE05A1F241DA900504CEE /* LaunchScreen.storyboard */,
				7A5EE05D1F241DA900504CEE /* Info.plist */,
			);
			path = "Rock Paper Scissors";
			sourceTree = "<group>";
		};
		7A5EE0641F241DA900504CEE /* Rock Paper Scissors WatchKit App */ = {
			isa = PBXGroup;
			children = (
				7A5EE0651F241DA900504CEE /* Interface.storyboard */,
				7A5EE0681F241DA900504CEE /* Assets.xcassets */,
				7A5EE06A1F241DA900504CEE /* Info.plist */,
			);
			path = "Rock Paper Scissors WatchKit App";
			sourceTree = "<group>";
		};
		7A5EE0731F241DA900504CEE /* Rock Paper Scissors WatchKit Extension */ = {
			isa = PBXGroup;
			children = (
				7A5EE0741F241DA900504CEE /* InterfaceController.swift */,
				7A5EE0761F241DA900504CEE /* ExtensionDelegate.swift */,
				7A5EE0781F241DA900504CEE /* Assets.xcassets */,
				7A5EE07A1F241DA900504CEE /* Info.plist */,
			);
			path = "Rock Paper Scissors WatchKit Extension";
			sourceTree = "<group>";
		};
/* End PBXGroup section */

/* Begin PBXNativeTarget section */
		7A5EE04D1F241DA900504CEE /* Rock Paper Scissors */ = {
			isa = PBXNativeTarget;
			buildConfigurationList = 7A5EE0851F241DA900504CEE /* Build configuration list for PBXNativeTarget "Rock Paper Scissors" */;
			buildPhases = (
				7A5EE04A1F241DA900504CEE /* Sources */,
				7A5EE04B1F241DA900504CEE /* Frameworks */,
				7A5EE04C1F241DA900504CEE /* Resources */,
				7A5EE0841F241DA900504CEE /* Embed Watch Content */,
			);
			buildRules = (
			);
			dependencies = (
				7A5EE0631F241DA900504CEE /* PBXTargetDependency */,
			);
			name = "Rock Paper Scissors";
			productName = "Rock Paper Scissors";
			productReference = 7A5EE04E1F241DA900504CEE /* Rock Paper Scissors.app */;
			productType = "com.apple.product-type.application";
		};
		7A5EE05F1F241DA900504CEE /* Rock Paper Scissors WatchKit App */ = {
			isa = PBXNativeTarget;
			buildConfigurationList = 7A5EE0811F241DA900504CEE /* Build configuration list for PBXNativeTarget "Rock Paper Scissors WatchKit App" */;
			buildPhases = (
				7A5EE05E1F241DA900504CEE /* Resources */,
				7A5EE0801F241DA900504CEE /* Embed App Extensions */,
			);
			buildRules = (
			);
			dependencies = (
				7A5EE0721F241DA900504CEE /* PBXTargetDependency */,
			);
			name = "Rock Paper Scissors WatchKit App";
			productName = "Rock Paper Scissors WatchKit App";
			productReference = 7A5EE0601F241DA900504CEE /* Rock Paper Scissors WatchKit App.app */;
			productType = "com.apple.product-type.application.watchapp2";
		};
		7A5EE06E1F241DA900504CEE /* Rock Paper Scissors WatchKit Extension */ = {
			isa = PBXNativeTarget;
			buildConfigurationList = 7A5EE07D1F241DA900504CEE /* Build configuration list for PBXNativeTarget "Rock Paper Scissors WatchKit Extension" */;
			buildPhases = (
				7A5EE06B1F241DA900504CEE /* Sources */,
				7A5EE06C1F241DA900504CEE /* Frameworks */,
				7A5EE06D1F241DA900504CEE /* Resources */,
			);
			buildRules = (
			);
			dependencies = (
			);
			name = "Rock Paper Scissors WatchKit Extension";
			productName = "Rock Paper Scissors WatchKit Extension";
			productReference = 7A5EE06F1F241DA900504CEE /* Rock Paper Scissors WatchKit Extension.appex */;
			productType = "com.apple.product-type.watchkit2-extension";
		};
/* End PBXNativeTarget section */

/* Begin PBXProject section */
		7A5EE0461F241DA900504CEE /* Project object */ = {
			isa = PBXProject;
			attributes = {
				LastSwiftUpdateCheck = 0830;
				LastUpgradeCheck = 0830;
				ORGANIZATIONNAME = "Adrien Maranville";
				TargetAttributes = {
					7A5EE04D1F241DA900504CEE = {
						CreatedOnToolsVersion = 8.3.3;
						DevelopmentTeam = K9KEJDHY56;
						ProvisioningStyle = Automatic;
					};
					7A5EE05F1F241DA900504CEE = {
						CreatedOnToolsVersion = 8.3.3;
						DevelopmentTeam = K9KEJDHY56;
						ProvisioningStyle = Automatic;
					};
					7A5EE06E1F241DA900504CEE = {
						CreatedOnToolsVersion = 8.3.3;
						DevelopmentTeam = K9KEJDHY56;
						ProvisioningStyle = Automatic;
					};
				};
			};
			buildConfigurationList = 7A5EE0491F241DA900504CEE /* Build configuration list for PBXProject "Rock Paper Scissors" */;
			compatibilityVersion = "Xcode 3.2";
			developmentRegion = English;
			hasScannedForEncodings = 0;
			knownRegions = (
				en,
				Base,
			);
			mainGroup = 7A5EE0451F241DA900504CEE;
			productRefGroup = 7A5EE04F1F241DA900504CEE /* Products */;
			projectDirPath = "";
			projectRoot = "";
			targets = (
				7A5EE04D1F241DA900504CEE /* Rock Paper Scissors */,
				7A5EE05F1F241DA900504CEE /* Rock Paper Scissors WatchKit App */,
				7A5EE06E1F241DA900504CEE /* Rock Paper Scissors WatchKit Extension */,
			);
		};
/* End PBXProject section */

/* Begin PBXResourcesBuildPhase section */
		7A5EE04C1F241DA900504CEE /* Resources */ = {
			isa = PBXResourcesBuildPhase;
			buildActionMask = 2147483647;
			files = (
				7A5EE05C1F241DA900504CEE /* LaunchScreen.storyboard in Resources */,
				7A5EE0591F241DA900504CEE /* Assets.xcassets in Resources */,
				7A5EE0571F241DA900504CEE /* Main.storyboard in Resources */,
			);
			runOnlyForDeploymentPostprocessing = 0;
		};
		7A5EE05E1F241DA900504CEE /* Resources */ = {
			isa = PBXResourcesBuildPhase;
			buildActionMask = 2147483647;
			files = (
				7A5EE0691F241DA900504CEE /* Assets.xcassets in Resources */,
				7A5EE0671F241DA900504CEE /* Interface.storyboard in Resources */,
			);
			runOnlyForDeploymentPostprocessing = 0;
		};
		7A5EE06D1F241DA900504CEE /* Resources */ = {
			isa = PBXResourcesBuildPhase;
			buildActionMask = 2147483647;
			files = (
				7A5EE0791F241DA900504CEE /* Assets.xcassets in Resources */,
			);
			runOnlyForDeploymentPostprocessing = 0;
		};
/* End PBXResourcesBuildPhase section */

/* Begin PBXSourcesBuildPhase section */
		7A5EE04A1F241DA900504CEE /* Sources */ = {
			isa = PBXSourcesBuildPhase;
			buildActionMask = 2147483647;
			files = (
				7A5EE0541F241DA900504CEE /* ViewController.swift in Sources */,
				7A5EE0521F241DA900504CEE /* AppDelegate.swift in Sources */,
			);
			runOnlyForDeploymentPostprocessing = 0;
		};
		7A5EE06B1F241DA900504CEE /* Sources */ = {
			isa = PBXSourcesBuildPhase;
			buildActionMask = 2147483647;
			files = (
				7A5EE0771F241DA900504CEE /* ExtensionDelegate.swift in Sources */,
				7A5EE0751F241DA900504CEE /* InterfaceController.swift in Sources */,
			);
			runOnlyForDeploymentPostprocessing = 0;
		};
/* End PBXSourcesBuildPhase section */

/* Begin PBXTargetDependency section */
		7A5EE0631F241DA900504CEE /* PBXTargetDependency */ = {
			isa = PBXTargetDependency;
			target = 7A5EE05F1F241DA900504CEE /* Rock Paper Scissors WatchKit App */;
			targetProxy = 7A5EE0621F241DA900504CEE /* PBXContainerItemProxy */;
		};
		7A5EE0721F241DA900504CEE /* PBXTargetDependency */ = {
			isa = PBXTargetDependency;
			target = 7A5EE06E1F241DA900504CEE /* Rock Paper Scissors WatchKit Extension */;
			targetProxy = 7A5EE0711F241DA900504CEE /* PBXContainerItemProxy */;
		};
/* End PBXTargetDependency section */

/* Begin PBXVariantGroup section */
		7A5EE0551F241DA900504CEE /* Main.storyboard */ = {
			isa = PBXVariantGroup;
			children = (
				7A5EE0561F241DA900504CEE /* Base */,
			);
			name = Main.storyboard;
			sourceTree = "<group>";
		};
		7A5EE05A1F241DA900504CEE /* LaunchScreen.storyboard */ = {
			isa = PBXVariantGroup;
			children = (
				7A5EE05B1F241DA900504CEE /* Base */,
			);
			name = LaunchScreen.storyboard;
			sourceTree = "<group>";
		};
		7A5EE0651F241DA900504CEE /* Interface.storyboard */ = {
			isa = PBXVariantGroup;
			children = (
				7A5EE0661F241DA900504CEE /* Base */,
			);
			name = Interface.storyboard;
			sourceTree = "<group>";
		};
/* End PBXVariantGroup section */

/* Begin XCBuildConfiguration section */
		7A5EE07B1F241DA900504CEE /* Debug */ = {
			isa = XCBuildConfiguration;
			buildSettings = {
				ALWAYS_SEARCH_USER_PATHS = NO;
				CLANG_ANALYZER_NONNULL = YES;
				CLANG_ANALYZER_NUMBER_OBJECT_CONVERSION = YES_AGGRESSIVE;
				CLANG_CXX_LANGUAGE_STANDARD = "gnu++0x";
				CLANG_CXX_LIBRARY = "libc++";
				CLANG_ENABLE_MODULES = YES;
				CLANG_ENABLE_OBJC_ARC = YES;
				CLANG_WARN_BOOL_CONVERSION = YES;
				CLANG_WARN_CONSTANT_CONVERSION = YES;
				CLANG_WARN_DIRECT_OBJC_ISA_USAGE = YES_ERROR;
				CLANG_WARN_DOCUMENTATION_COMMENTS = YES;
				CLANG_WARN_EMPTY_BODY = YES;
				CLANG_WARN_ENUM_CONVERSION = YES;
				CLANG_WARN_INFINITE_RECURSION = YES;
				CLANG_WARN_INT_CONVERSION = YES;
				CLANG_WARN_OBJC_ROOT_CLASS = YES_ERROR;
				CLANG_WARN_SUSPICIOUS_MOVE = YES;
				CLANG_WARN_UNREACHABLE_CODE = YES;
				CLANG_WARN__DUPLICATE_METHOD_MATCH = YES;
				"CODE_SIGN_IDENTITY[sdk=iphoneos*]" = "iPhone Developer";
				COPY_PHASE_STRIP = NO;
				DEBUG_INFORMATION_FORMAT = dwarf;
				ENABLE_STRICT_OBJC_MSGSEND = YES;
				ENABLE_TESTABILITY = YES;
				GCC_C_LANGUAGE_STANDARD = gnu99;
				GCC_DYNAMIC_NO_PIC = NO;
				GCC_NO_COMMON_BLOCKS = YES;
				GCC_OPTIMIZATION_LEVEL = 0;
				GCC_PREPROCESSOR_DEFINITIONS = (
					"DEBUG=1",
					"$(inherited)",
				);
				GCC_WARN_64_TO_32_BIT_CONVERSION = YES;
				GCC_WARN_ABOUT_RETURN_TYPE = YES_ERROR;
				GCC_WARN_UNDECLARED_SELECTOR = YES;
				GCC_WARN_UNINITIALIZED_AUTOS = YES_AGGRESSIVE;
				GCC_WARN_UNUSED_FUNCTION = YES;
				GCC_WARN_UNUSED_VARIABLE = YES;
				IPHONEOS_DEPLOYMENT_TARGET = 10.3;
				MTL_ENABLE_DEBUG_INFO = YES;
				ONLY_ACTIVE_ARCH = YES;
				SDKROOT = iphoneos;
				SWIFT_ACTIVE_COMPILATION_CONDITIONS = DEBUG;
				SWIFT_OPTIMIZATION_LEVEL = "-Onone";
				TARGETED_DEVICE_FAMILY = "1,2";
			};
			name = Debug;
		};
		7A5EE07C1F241DA900504CEE /* Release */ = {
			isa = XCBuildConfiguration;
			buildSettings = {
				ALWAYS_SEARCH_USER_PATHS = NO;
				CLANG_ANALYZER_NONNULL = YES;
				CLANG_ANALYZER_NUMBER_OBJECT_CONVERSION = YES_AGGRESSIVE;
				CLANG_CXX_LANGUAGE_STANDARD = "gnu++0x";
				CLANG_CXX_LIBRARY = "libc++";
				CLANG_ENABLE_MODULES = YES;
				CLANG_ENABLE_OBJC_ARC = YES;
				CLANG_WARN_BOOL_CONVERSION = YES;
				CLANG_WARN_CONSTANT_CONVERSION = YES;
				CLANG_WARN_DIRECT_OBJC_ISA_USAGE = YES_ERROR;
				CLANG_WARN_DOCUMENTATION_COMMENTS = YES;
				CLANG_WARN_EMPTY_BODY = YES;
				CLANG_WARN_ENUM_CONVERSION = YES;
				CLANG_WARN_INFINITE_RECURSION = YES;
				CLANG_WARN_INT_CONVERSION = YES;
				CLANG_WARN_OBJC_ROOT_CLASS = YES_ERROR;
				CLANG_WARN_SUSPICIOUS_MOVE = YES;
				CLANG_WARN_UNREACHABLE_CODE = YES;
				CLANG_WARN__DUPLICATE_METHOD_MATCH = YES;
				"CODE_SIGN_IDENTITY[sdk=iphoneos*]" = "iPhone Developer";
				COPY_PHASE_STRIP = NO;
				DEBUG_INFORMATION_FORMAT = "dwarf-with-dsym";
				ENABLE_NS_ASSERTIONS = NO;
				ENABLE_STRICT_OBJC_MSGSEND = YES;
				GCC_C_LANGUAGE_STANDARD = gnu99;
				GCC_NO_COMMON_BLOCKS = YES;
				GCC_WARN_64_TO_32_BIT_CONVERSION = YES;
				GCC_WARN_ABOUT_RETURN_TYPE = YES_ERROR;
				GCC_WARN_UNDECLARED_SELECTOR = YES;
				GCC_WARN_UNINITIALIZED_AUTOS = YES_AGGRESSIVE;
				GCC_WARN_UNUSED_FUNCTION = YES;
				GCC_WARN_UNUSED_VARIABLE = YES;
				IPHONEOS_DEPLOYMENT_TARGET = 10.3;
				MTL_ENABLE_DEBUG_INFO = NO;
				SDKROOT = iphoneos;
				SWIFT_OPTIMIZATION_LEVEL = "-Owholemodule";
				TARGETED_DEVICE_FAMILY = "1,2";
				VALIDATE_PRODUCT = YES;
			};
			name = Release;
		};
		7A5EE07E1F241DA900504CEE /* Debug */ = {
			isa = XCBuildConfiguration;
			buildSettings = {
				ASSETCATALOG_COMPILER_COMPLICATION_NAME = Complication;
				DEVELOPMENT_TEAM = K9KEJDHY56;
				INFOPLIST_FILE = "Rock Paper Scissors WatchKit Extension/Info.plist";
				LD_RUNPATH_SEARCH_PATHS = "$(inherited) @executable_path/Frameworks @executable_path/../../Frameworks";
				PRODUCT_BUNDLE_IDENTIFIER = "IO.Maranville.Rock-Paper-Scissors.watchkitapp.watchkitextension";
				PRODUCT_NAME = "${TARGET_NAME}";
				SDKROOT = watchos;
				SKIP_INSTALL = YES;
				SWIFT_VERSION = 3.0;
				TARGETED_DEVICE_FAMILY = 4;
				WATCHOS_DEPLOYMENT_TARGET = 3.2;
			};
			name = Debug;
		};
		7A5EE07F1F241DA900504CEE /* Release */ = {
			isa = XCBuildConfiguration;
			buildSettings = {
				ASSETCATALOG_COMPILER_COMPLICATION_NAME = Complication;
				DEVELOPMENT_TEAM = K9KEJDHY56;
				INFOPLIST_FILE = "Rock Paper Scissors WatchKit Extension/Info.plist";
				LD_RUNPATH_SEARCH_PATHS = "$(inherited) @executable_path/Frameworks @executable_path/../../Frameworks";
				PRODUCT_BUNDLE_IDENTIFIER = "IO.Maranville.Rock-Paper-Scissors.watchkitapp.watchkitextension";
				PRODUCT_NAME = "${TARGET_NAME}";
				SDKROOT = watchos;
				SKIP_INSTALL = YES;
				SWIFT_VERSION = 3.0;
				TARGETED_DEVICE_FAMILY = 4;
				WATCHOS_DEPLOYMENT_TARGET = 3.2;
			};
			name = Release;
		};
		7A5EE0821F241DA900504CEE /* Debug */ = {
			isa = XCBuildConfiguration;
			buildSettings = {
				ALWAYS_EMBED_SWIFT_STANDARD_LIBRARIES = YES;
				ASSETCATALOG_COMPILER_APPICON_NAME = AppIcon;
				DEVELOPMENT_TEAM = K9KEJDHY56;
				IBSC_MODULE = Rock_Paper_Scissors_WatchKit_Extension;
				INFOPLIST_FILE = "Rock Paper Scissors WatchKit App/Info.plist";
				PRODUCT_BUNDLE_IDENTIFIER = "IO.Maranville.Rock-Paper-Scissors.watchkitapp";
				PRODUCT_NAME = "$(TARGET_NAME)";
				SDKROOT = watchos;
				SKIP_INSTALL = YES;
				SWIFT_VERSION = 3.0;
				TARGETED_DEVICE_FAMILY = 4;
				WATCHOS_DEPLOYMENT_TARGET = 3.2;
			};
			name = Debug;
		};
		7A5EE0831F241DA900504CEE /* Release */ = {
			isa = XCBuildConfiguration;
			buildSettings = {
				ALWAYS_EMBED_SWIFT_STANDARD_LIBRARIES = YES;
				ASSETCATALOG_COMPILER_APPICON_NAME = AppIcon;
				DEVELOPMENT_TEAM = K9KEJDHY56;
				IBSC_MODULE = Rock_Paper_Scissors_WatchKit_Extension;
				INFOPLIST_FILE = "Rock Paper Scissors WatchKit App/Info.plist";
				PRODUCT_BUNDLE_IDENTIFIER = "IO.Maranville.Rock-Paper-Scissors.watchkitapp";
				PRODUCT_NAME = "$(TARGET_NAME)";
				SDKROOT = watchos;
				SKIP_INSTALL = YES;
				SWIFT_VERSION = 3.0;
				TARGETED_DEVICE_FAMILY = 4;
				WATCHOS_DEPLOYMENT_TARGET = 3.2;
			};
			name = Release;
		};
		7A5EE0861F241DA900504CEE /* Debug */ = {
			isa = XCBuildConfiguration;
			buildSettings = {
				ASSETCATALOG_COMPILER_APPICON_NAME = AppIcon;
				DEVELOPMENT_TEAM = K9KEJDHY56;
				INFOPLIST_FILE = "Rock Paper Scissors/Info.plist";
				LD_RUNPATH_SEARCH_PATHS = "$(inherited) @executable_path/Frameworks";
				PRODUCT_BUNDLE_IDENTIFIER = "IO.Maranville.Rock-Paper-Scissors";
				PRODUCT_NAME = "$(TARGET_NAME)";
				SWIFT_VERSION = 3.0;
			};
			name = Debug;
		};
		7A5EE0871F241DA900504CEE /* Release */ = {
			isa = XCBuildConfiguration;
			buildSettings = {
				ASSETCATALOG_COMPILER_APPICON_NAME = AppIcon;
				DEVELOPMENT_TEAM = K9KEJDHY56;
				INFOPLIST_FILE = "Rock Paper Scissors/Info.plist";
				LD_RUNPATH_SEARCH_PATHS = "$(inherited) @executable_path/Frameworks";
				PRODUCT_BUNDLE_IDENTIFIER = "IO.Maranville.Rock-Paper-Scissors";
				PRODUCT_NAME = "$(TARGET_NAME)";
				SWIFT_VERSION = 3.0;
			};
			name = Release;
		};
/* End XCBuildConfiguration section */

/* Begin XCConfigurationList section */
		7A5EE0491F241DA900504CEE /* Build configuration list for PBXProject "Rock Paper Scissors" */ = {
			isa = XCConfigurationList;
			buildConfigurations = (
				7A5EE07B1F241DA900504CEE /* Debug */,
				7A5EE07C1F241DA900504CEE /* Release */,
			);
			defaultConfigurationIsVisible = 0;
			defaultConfigurationName = Release;
		};
		7A5EE07D1F241DA900504CEE /* Build configuration list for PBXNativeTarget "Rock Paper Scissors WatchKit Extension" */ = {
			isa = XCConfigurationList;
			buildConfigurations = (
				7A5EE07E1F241DA900504CEE /* Debug */,
				7A5EE07F1F241DA900504CEE /* Release */,
			);
			defaultConfigurationIsVisible = 0;
		};
		7A5EE0811F241DA900504CEE /* Build configuration list for PBXNativeTarget "Rock Paper Scissors WatchKit App" */ = {
			isa = XCConfigurationList;
			buildConfigurations = (
				7A5EE0821F241DA900504CEE /* Debug */,
				7A5EE0831F241DA900504CEE /* Release */,
			);
			defaultConfigurationIsVisible = 0;
		};
		7A5EE0851F241DA900504CEE /* Build configuration list for PBXNativeTarget "Rock Paper Scissors" */ = {
			isa = XCConfigurationList;
			buildConfigurations = (
				7A5EE0861F241DA900504CEE /* Debug */,
				7A5EE0871F241DA900504CEE /* Release */,
			);
			defaultConfigurationIsVisible = 0;
		};
/* End XCConfigurationList section */
	};
	rootObject = 7A5EE0461F241DA900504CEE /* Project object */;
}
